
Microsoft Visual Studio Solution File, Format Version 12.00
# Visual Studio Version 17
VisualStudioVersion = 17.8.34330.188
MinimumVisualStudioVersion = 10.0.40219.1
Project("{FAE04EC0-301F-11D3-BF4B-00C04F79EFBC}") = "CanvasEditor", "CanvasEditor\CanvasEditor.csproj", "{905A9A6C-C50E-4250-B3A4-F08A1119E582}"
EndProject
Global
	GlobalSection(SolutionConfigurationPlatforms) = preSolution
		Debug|Any CPU = Debug|Any CPU
		Release|Any CPU = Release|Any CPU
	EndGlobalSection
	GlobalSection(ProjectConfigurationPlatforms) = postSolution
		{905A9A6C-C50E-4250-B3A4-F08A1119E582}.Debug|Any CPU.ActiveCfg = Debug|Any CPU
		{905A9A6C-C50E-4250-B3A4-F08A1119E582}.Debug|Any CPU.Build.0 = Debug|Any CPU
		{905A9A6C-C50E-4250-B3A4-F08A1119E582}.Release|Any CPU.ActiveCfg = Release|Any CPU
		{905A9A6C-C50E-4250-B3A4-F08A1119E582}.Release|Any CPU.Build.0 = Release|Any CPU
	EndGlobalSection
	GlobalSection(SolutionProperties) = preSolution
		HideSolutionNode = FALSE
	EndGlobalSection
	GlobalSection(ExtensibilityGlobals) = postSolution
		SolutionGuid = {7846EA02-015E-408E-9DA0-1EA117FFCC6A}
	EndGlobalSection
EndGlobal
